
Microsoft Visual Studio Solution File, Format Version 12.00
# Visual Studio 15
Project("{FAE04EC0-301F-11D3-BF4B-00C04F79EFBC}") = "movienight.Android", "movienight.Android\movienight.Android.csproj", "{367987B2-D496-4658-92F5-E5F90BE89070}"
EndProject
Project("{FAE04EC0-301F-11D3-BF4B-00C04F79EFBC}") = "movienight.iOS", "movienight.iOS\movienight.iOS.csproj", "{751EA91F-2748-40A7-A3A4-E9EDC5AD3E92}"
EndProject
Project("{FAE04EC0-301F-11D3-BF4B-00C04F79EFBC}") = "movienight", "movienight\movienight.csproj", "{5A7EE965-6DC1-41EF-8792-F6B73BAE8452}"
EndProject
Project("{2150E333-8FDC-42A3-9474-1A3956D46DE8}") = "Solution Items", "Solution Items", "{326E091E-E144-48F9-88D5-55506AEE388A}"
EndProject
Global
	GlobalSection(SolutionConfigurationPlatforms) = preSolution
		Debug|Any CPU = Debug|Any CPU
		Release|Any CPU = Release|Any CPU
		Debug|iPhoneSimulator = Debug|iPhoneSimulator
		Release|iPhoneSimulator = Release|iPhoneSimulator
		Debug|iPhone = Debug|iPhone
		Release|iPhone = Release|iPhone
	EndGlobalSection
	GlobalSection(ProjectConfigurationPlatforms) = postSolution
		{367987B2-D496-4658-92F5-E5F90BE89070}.Debug|Any CPU.ActiveCfg = Debug|Any CPU
		{367987B2-D496-4658-92F5-E5F90BE89070}.Debug|Any CPU.Build.0 = Debug|Any CPU
		{367987B2-D496-4658-92F5-E5F90BE89070}.Release|Any CPU.ActiveCfg = Release|Any CPU
		{367987B2-D496-4658-92F5-E5F90BE89070}.Release|Any CPU.Build.0 = Release|Any CPU
		{367987B2-D496-4658-92F5-E5F90BE89070}.Debug|iPhoneSimulator.ActiveCfg = Debug|Any CPU
		{367987B2-D496-4658-92F5-E5F90BE89070}.Debug|iPhoneSimulator.Build.0 = Debug|Any CPU
		{367987B2-D496-4658-92F5-E5F90BE89070}.Release|iPhoneSimulator.ActiveCfg = Release|Any CPU
		{367987B2-D496-4658-92F5-E5F90BE89070}.Release|iPhoneSimulator.Build.0 = Release|Any CPU
		{367987B2-D496-4658-92F5-E5F90BE89070}.Debug|iPhone.ActiveCfg = Debug|Any CPU
		{367987B2-D496-4658-92F5-E5F90BE89070}.Debug|iPhone.Build.0 = Debug|Any CPU
		{367987B2-D496-4658-92F5-E5F90BE89070}.Release|iPhone.ActiveCfg = Release|Any CPU
		{367987B2-D496-4658-92F5-E5F90BE89070}.Release|iPhone.Build.0 = Release|Any CPU
		{751EA91F-2748-40A7-A3A4-E9EDC5AD3E92}.Debug|Any CPU.ActiveCfg = Debug|iPhoneSimulator
		{751EA91F-2748-40A7-A3A4-E9EDC5AD3E92}.Debug|Any CPU.Build.0 = Debug|iPhoneSimulator
		{751EA91F-2748-40A7-A3A4-E9EDC5AD3E92}.Release|Any CPU.ActiveCfg = Release|iPhoneSimulator
		{751EA91F-2748-40A7-A3A4-E9EDC5AD3E92}.Release|Any CPU.Build.0 = Release|iPhoneSimulator
		{751EA91F-2748-40A7-A3A4-E9EDC5AD3E92}.Debug|iPhoneSimulator.ActiveCfg = Debug|iPhoneSimulator
		{751EA91F-2748-40A7-A3A4-E9EDC5AD3E92}.Debug|iPhoneSimulator.Build.0 = Debug|iPhoneSimulator
		{751EA91F-2748-40A7-A3A4-E9EDC5AD3E92}.Release|iPhoneSimulator.ActiveCfg = Release|iPhoneSimulator
		{751EA91F-2748-40A7-A3A4-E9EDC5AD3E92}.Release|iPhoneSimulator.Build.0 = Release|iPhoneSimulator
		{751EA91F-2748-40A7-A3A4-E9EDC5AD3E92}.Debug|iPhone.ActiveCfg = Debug|iPhone
		{751EA91F-2748-40A7-A3A4-E9EDC5AD3E92}.Debug|iPhone.Build.0 = Debug|iPhone
		{751EA91F-2748-40A7-A3A4-E9EDC5AD3E92}.Release|iPhone.ActiveCfg = Release|iPhone
		{751EA91F-2748-40A7-A3A4-E9EDC5AD3E92}.Release|iPhone.Build.0 = Release|iPhone
		{5A7EE965-6DC1-41EF-8792-F6B73BAE8452}.Debug|Any CPU.ActiveCfg = Debug|Any CPU
		{5A7EE965-6DC1-41EF-8792-F6B73BAE8452}.Debug|Any CPU.Build.0 = Debug|Any CPU
		{5A7EE965-6DC1-41EF-8792-F6B73BAE8452}.Release|Any CPU.ActiveCfg = Release|Any CPU
		{5A7EE965-6DC1-41EF-8792-F6B73BAE8452}.Release|Any CPU.Build.0 = Release|Any CPU
		{5A7EE965-6DC1-41EF-8792-F6B73BAE8452}.Debug|iPhoneSimulator.ActiveCfg = Debug|Any CPU
		{5A7EE965-6DC1-41EF-8792-F6B73BAE8452}.Debug|iPhoneSimulator.Build.0 = Debug|Any CPU
		{5A7EE965-6DC1-41EF-8792-F6B73BAE8452}.Release|iPhoneSimulator.ActiveCfg = Release|Any CPU
		{5A7EE965-6DC1-41EF-8792-F6B73BAE8452}.Release|iPhoneSimulator.Build.0 = Release|Any CPU
		{5A7EE965-6DC1-41EF-8792-F6B73BAE8452}.Debug|iPhone.ActiveCfg = Debug|Any CPU
		{5A7EE965-6DC1-41EF-8792-F6B73BAE8452}.Debug|iPhone.Build.0 = Debug|Any CPU
		{5A7EE965-6DC1-41EF-8792-F6B73BAE8452}.Release|iPhone.ActiveCfg = Release|Any CPU
		{5A7EE965-6DC1-41EF-8792-F6B73BAE8452}.Release|iPhone.Build.0 = Release|Any CPU
	EndGlobalSection
EndGlobal
